
Microsoft Visual Studio Solution File, Format Version 12.00
# Visual Studio Version 17
VisualStudioVersion = 17.0.32126.317
MinimumVisualStudioVersion = 10.0.40219.1
Project("{FAE04EC0-301F-11D3-BF4B-00C04F79EFBC}") = "Create_Tabel", "Create_Tabel\Create_Tabel.csproj", "{1ED41FE9-AAA4-455A-983F-44C075554C87}"
EndProject
Global
	GlobalSection(SolutionConfigurationPlatforms) = preSolution
		Debug|Any CPU = Debug|Any CPU
		Release|Any CPU = Release|Any CPU
	EndGlobalSection
	GlobalSection(ProjectConfigurationPlatforms) = postSolution
		{1ED41FE9-AAA4-455A-983F-44C075554C87}.Debug|Any CPU.ActiveCfg = Debug|Any CPU
		{1ED41FE9-AAA4-455A-983F-44C075554C87}.Debug|Any CPU.Build.0 = Debug|Any CPU
		{1ED41FE9-AAA4-455A-983F-44C075554C87}.Release|Any CPU.ActiveCfg = Release|Any CPU
		{1ED41FE9-AAA4-455A-983F-44C075554C87}.Release|Any CPU.Build.0 = Release|Any CPU
	EndGlobalSection
	GlobalSection(SolutionProperties) = preSolution
		HideSolutionNode = FALSE
	EndGlobalSection
	GlobalSection(ExtensibilityGlobals) = postSolution
		SolutionGuid = {0831941C-A08E-430E-A4CF-D369A6C22EDC}
	EndGlobalSection
EndGlobal
